
Microsoft Visual Studio Solution File, Format Version 12.00
# Visual Studio Version 17
VisualStudioVersion = 17.14.36603.0 d17.14
MinimumVisualStudioVersion = 10.0.40219.1
Project("{FAE04EC0-301F-11D3-BF4B-00C04F79EFBC}") = "EchoLiveAPIMsgXMLConventer", "EchoLiveAPIMsgXMLConventer\EchoLiveAPIMsgXMLConventer.csproj", "{793E9B5F-D53F-4351-959B-0A1152F8B7CB}"
EndProject
Global
	GlobalSection(SolutionConfigurationPlatforms) = preSolution
		Debug|Any CPU = Debug|Any CPU
		Release|Any CPU = Release|Any CPU
	EndGlobalSection
	GlobalSection(ProjectConfigurationPlatforms) = postSolution
		{793E9B5F-D53F-4351-959B-0A1152F8B7CB}.Debug|Any CPU.ActiveCfg = Debug|Any CPU
		{793E9B5F-D53F-4351-959B-0A1152F8B7CB}.Debug|Any CPU.Build.0 = Debug|Any CPU
		{793E9B5F-D53F-4351-959B-0A1152F8B7CB}.Release|Any CPU.ActiveCfg = Release|Any CPU
		{793E9B5F-D53F-4351-959B-0A1152F8B7CB}.Release|Any CPU.Build.0 = Release|Any CPU
	EndGlobalSection
	GlobalSection(SolutionProperties) = preSolution
		HideSolutionNode = FALSE
	EndGlobalSection
	GlobalSection(ExtensibilityGlobals) = postSolution
		SolutionGuid = {EBF54533-D1EB-4DE8-B838-E116E29A71F4}
	EndGlobalSection
EndGlobal
